
Microsoft Visual Studio Solution File, Format Version 12.00
# Visual Studio Version 17
VisualStudioVersion = 17.12.35506.116 d17.12
MinimumVisualStudioVersion = 10.0.40219.1
Project("{FAE04EC0-301F-11D3-BF4B-00C04F79EFBC}") = "DddInPractice.Logic", "DddInPractice.Logic\DddInPractice.Logic.csproj", "{BA47EE30-378B-4D9D-B89D-EE39E30A70D8}"
EndProject
Project("{FAE04EC0-301F-11D3-BF4B-00C04F79EFBC}") = "DddInPractice.Tests", "DddInPractice.Tests\DddInPractice.Tests.csproj", "{FD105F2B-0E71-4696-BD07-A3D593E59215}"
EndProject
Project("{FAE04EC0-301F-11D3-BF4B-00C04F79EFBC}") = "DddInPractice.Logic2", "DddInPractice.Logic2\DddInPractice.Logic2.csproj", "{B5778540-E913-4F20-A03D-E0C2A4E4ED7B}"
EndProject
Project("{FAE04EC0-301F-11D3-BF4B-00C04F79EFBC}") = "DddInPractice.Tests2", "DddInPractice.Tests2\DddInPractice.Tests2.csproj", "{41AB0066-7E31-402D-9B65-B1027E5F728E}"
EndProject
Global
	GlobalSection(SolutionConfigurationPlatforms) = preSolution
		Debug|Any CPU = Debug|Any CPU
		Release|Any CPU = Release|Any CPU
	EndGlobalSection
	GlobalSection(ProjectConfigurationPlatforms) = postSolution
		{BA47EE30-378B-4D9D-B89D-EE39E30A70D8}.Debug|Any CPU.ActiveCfg = Debug|Any CPU
		{BA47EE30-378B-4D9D-B89D-EE39E30A70D8}.Debug|Any CPU.Build.0 = Debug|Any CPU
		{BA47EE30-378B-4D9D-B89D-EE39E30A70D8}.Release|Any CPU.ActiveCfg = Release|Any CPU
		{BA47EE30-378B-4D9D-B89D-EE39E30A70D8}.Release|Any CPU.Build.0 = Release|Any CPU
		{FD105F2B-0E71-4696-BD07-A3D593E59215}.Debug|Any CPU.ActiveCfg = Debug|Any CPU
		{FD105F2B-0E71-4696-BD07-A3D593E59215}.Debug|Any CPU.Build.0 = Debug|Any CPU
		{FD105F2B-0E71-4696-BD07-A3D593E59215}.Release|Any CPU.ActiveCfg = Release|Any CPU
		{FD105F2B-0E71-4696-BD07-A3D593E59215}.Release|Any CPU.Build.0 = Release|Any CPU
		{B5778540-E913-4F20-A03D-E0C2A4E4ED7B}.Debug|Any CPU.ActiveCfg = Debug|Any CPU
		{B5778540-E913-4F20-A03D-E0C2A4E4ED7B}.Debug|Any CPU.Build.0 = Debug|Any CPU
		{B5778540-E913-4F20-A03D-E0C2A4E4ED7B}.Release|Any CPU.ActiveCfg = Release|Any CPU
		{B5778540-E913-4F20-A03D-E0C2A4E4ED7B}.Release|Any CPU.Build.0 = Release|Any CPU
		{41AB0066-7E31-402D-9B65-B1027E5F728E}.Debug|Any CPU.ActiveCfg = Debug|Any CPU
		{41AB0066-7E31-402D-9B65-B1027E5F728E}.Debug|Any CPU.Build.0 = Debug|Any CPU
		{41AB0066-7E31-402D-9B65-B1027E5F728E}.Release|Any CPU.ActiveCfg = Release|Any CPU
		{41AB0066-7E31-402D-9B65-B1027E5F728E}.Release|Any CPU.Build.0 = Release|Any CPU
	EndGlobalSection
	GlobalSection(SolutionProperties) = preSolution
		HideSolutionNode = FALSE
	EndGlobalSection
EndGlobal
